// !$*UTF8*$!
{
	archiveVersion = 1;
	classes = {
	};
	objectVersion = 46;
	objects = {

/* Begin PBXBuildFile section */
		831FEB4A1DD41ADB00EBA40C /* SecondTabbarViewController.m in Sources */ = {isa = PBXBuildFile; fileRef = 831FEB491DD41ADB00EBA40C /* SecondTabbarViewController.m */; };
		831FEB4D1DD41EAC00EBA40C /* OneViewController.m in Sources */ = {isa = PBXBuildFile; fileRef = 831FEB4C1DD41EAC00EBA40C /* OneViewController.m */; };
		831FEB501DD41EB600EBA40C /* TwoViewController.m in Sources */ = {isa = PBXBuildFile; fileRef = 831FEB4F1DD41EB600EBA40C /* TwoViewController.m */; };
		831FEB531DD4226900EBA40C /* DetailViewController.m in Sources */ = {isa = PBXBuildFile; fileRef = 831FEB521DD4226900EBA40C /* DetailViewController.m */; };
		83322C691DCADF08006ED7E9 /* FirstDetailViewController.m in Sources */ = {isa = PBXBuildFile; fileRef = 83322C631DCADF08006ED7E9 /* FirstDetailViewController.m */; };
		83322C6A1DCADF08006ED7E9 /* FirstViewController.m in Sources */ = {isa = PBXBuildFile; fileRef = 83322C651DCADF08006ED7E9 /* FirstViewController.m */; };
		83322C6B1DCADF08006ED7E9 /* SecondViewController.m in Sources */ = {isa = PBXBuildFile; fileRef = 83322C681DCADF08006ED7E9 /* SecondViewController.m */; };
		83322C6E1DCADF34006ED7E9 /* FirstDetailLeftTableViewCell.m in Sources */ = {isa = PBXBuildFile; fileRef = 83322C6D1DCADF34006ED7E9 /* FirstDetailLeftTableViewCell.m */; };
		83322C711DCADF4E006ED7E9 /* FirstDetailRightTableViewCell.m in Sources */ = {isa = PBXBuildFile; fileRef = 83322C701DCADF4E006ED7E9 /* FirstDetailRightTableViewCell.m */; };
		83CEB4451DCAC6F70063D49F /* main.m in Sources */ = {isa = PBXBuildFile; fileRef = 83CEB4441DCAC6F70063D49F /* main.m */; };
		83CEB4481DCAC6F70063D49F /* AppDelegate.m in Sources */ = {isa = PBXBuildFile; fileRef = 83CEB4471DCAC6F70063D49F /* AppDelegate.m */; };
		83CEB4511DCAC6F70063D49F /* Main.storyboard in Resources */ = {isa = PBXBuildFile; fileRef = 83CEB44F1DCAC6F70063D49F /* Main.storyboard */; };
		83CEB4531DCAC6F70063D49F /* Assets.xcassets in Resources */ = {isa = PBXBuildFile; fileRef = 83CEB4521DCAC6F70063D49F /* Assets.xcassets */; };
		83CEB4561DCAC6F70063D49F /* LaunchScreen.storyboard in Resources */ = {isa = PBXBuildFile; fileRef = 83CEB4541DCAC6F70063D49F /* LaunchScreen.storyboard */; };
		83FCB0361DD4425B003A6BE4 /* DetailTableViewCell.m in Sources */ = {isa = PBXBuildFile; fileRef = 83FCB0351DD4425B003A6BE4 /* DetailTableViewCell.m */; };
		D6C388EB6A2F891B6F566D05 /* libPods-NewComingProject.a in Frameworks */ = {isa = PBXBuildFile; fileRef = 13AB0221886AA93AF9DF0CC5 /* libPods-NewComingProject.a */; };
/* End PBXBuildFile section */

/* Begin PBXFileReference section */
		13AB0221886AA93AF9DF0CC5 /* libPods-NewComingProject.a */ = {isa = PBXFileReference; explicitFileType = archive.ar; includeInIndex = 0; path = "libPods-NewComingProject.a"; sourceTree = BUILT_PRODUCTS_DIR; };
		18CFD65D7BAE21ABC3B97C0A /* Pods-NewComingProject.release.xcconfig */ = {isa = PBXFileReference; includeInIndex = 1; lastKnownFileType = text.xcconfig; name = "Pods-NewComingProject.release.xcconfig"; path = "Pods/Target Support Files/Pods-NewComingProject/Pods-NewComingProject.release.xcconfig"; sourceTree = "<group>"; };
		7AC70FB14AC9ADDA811D9C05 /* Pods-NewComingProject.debug.xcconfig */ = {isa = PBXFileReference; includeInIndex = 1; lastKnownFileType = text.xcconfig; name = "Pods-NewComingProject.debug.xcconfig"; path = "Pods/Target Support Files/Pods-NewComingProject/Pods-NewComingProject.debug.xcconfig"; sourceTree = "<group>"; };
		831FEB481DD41ADB00EBA40C /* SecondTabbarViewController.h */ = {isa = PBXFileReference; fileEncoding = 4; lastKnownFileType = sourcecode.c.h; path = SecondTabbarViewController.h; sourceTree = "<group>"; };
		831FEB491DD41ADB00EBA40C /* SecondTabbarViewController.m */ = {isa = PBXFileReference; fileEncoding = 4; lastKnownFileType = sourcecode.c.objc; path = SecondTabbarViewController.m; sourceTree = "<group>"; };
		831FEB4B1DD41EAC00EBA40C /* OneViewController.h */ = {isa = PBXFileReference; fileEncoding = 4; lastKnownFileType = sourcecode.c.h; path = OneViewController.h; sourceTree = "<group>"; };
		831FEB4C1DD41EAC00EBA40C /* OneViewController.m */ = {isa = PBXFileReference; fileEncoding = 4; lastKnownFileType = sourcecode.c.objc; path = OneViewController.m; sourceTree = "<group>"; };
		831FEB4E1DD41EB600EBA40C /* TwoViewController.h */ = {isa = PBXFileReference; fileEncoding = 4; lastKnownFileType = sourcecode.c.h; path = TwoViewController.h; sourceTree = "<group>"; };
		831FEB4F1DD41EB600EBA40C /* TwoViewController.m */ = {isa = PBXFileReference; fileEncoding = 4; lastKnownFileType = sourcecode.c.objc; path = TwoViewController.m; sourceTree = "<group>"; };
		831FEB511DD4226900EBA40C /* DetailViewController.h */ = {isa = PBXFileReference; fileEncoding = 4; lastKnownFileType = sourcecode.c.h; path = DetailViewController.h; sourceTree = "<group>"; };
		831FEB521DD4226900EBA40C /* DetailViewController.m */ = {isa = PBXFileReference; fileEncoding = 4; lastKnownFileType = sourcecode.c.objc; path = DetailViewController.m; sourceTree = "<group>"; };
		83322C621DCADF08006ED7E9 /* FirstDetailViewController.h */ = {isa = PBXFileReference; fileEncoding = 4; lastKnownFileType = sourcecode.c.h; path = FirstDetailViewController.h; sourceTree = "<group>"; };
		83322C631DCADF08006ED7E9 /* FirstDetailViewController.m */ = {isa = PBXFileReference; fileEncoding = 4; lastKnownFileType = sourcecode.c.objc; path = FirstDetailViewController.m; sourceTree = "<group>"; };
		83322C641DCADF08006ED7E9 /* FirstViewController.h */ = {isa = PBXFileReference; fileEncoding = 4; lastKnownFileType = sourcecode.c.h; path = FirstViewController.h; sourceTree = "<group>"; };
		83322C651DCADF08006ED7E9 /* FirstViewController.m */ = {isa = PBXFileReference; fileEncoding = 4; lastKnownFileType = sourcecode.c.objc; path = FirstViewController.m; sourceTree = "<group>"; };
		83322C671DCADF08006ED7E9 /* SecondViewController.h */ = {isa = PBXFileReference; fileEncoding = 4; lastKnownFileType = sourcecode.c.h; path = SecondViewController.h; sourceTree = "<group>"; };
		83322C681DCADF08006ED7E9 /* SecondViewController.m */ = {isa = PBXFileReference; fileEncoding = 4; lastKnownFileType = sourcecode.c.objc; path = SecondViewController.m; sourceTree = "<group>"; };
		83322C6C1DCADF34006ED7E9 /* FirstDetailLeftTableViewCell.h */ = {isa = PBXFileReference; fileEncoding = 4; lastKnownFileType = sourcecode.c.h; path = FirstDetailLeftTableViewCell.h; sourceTree = "<group>"; };
		83322C6D1DCADF34006ED7E9 /* FirstDetailLeftTableViewCell.m */ = {isa = PBXFileReference; fileEncoding = 4; lastKnownFileType = sourcecode.c.objc; path = FirstDetailLeftTableViewCell.m; sourceTree = "<group>"; };
		83322C6F1DCADF4E006ED7E9 /* FirstDetailRightTableViewCell.h */ = {isa = PBXFileReference; fileEncoding = 4; lastKnownFileType = sourcecode.c.h; path = FirstDetailRightTableViewCell.h; sourceTree = "<group>"; };
		83322C701DCADF4E006ED7E9 /* FirstDetailRightTableViewCell.m */ = {isa = PBXFileReference; fileEncoding = 4; lastKnownFileType = sourcecode.c.objc; path = FirstDetailRightTableViewCell.m; sourceTree = "<group>"; };
		83322C731DCAE0B2006ED7E9 /* UIConfig.h */ = {isa = PBXFileReference; fileEncoding = 4; lastKnownFileType = sourcecode.c.h; path = UIConfig.h; sourceTree = "<group>"; };
		83CEB4401DCAC6F70063D49F /* NewComingProject.app */ = {isa = PBXFileReference; explicitFileType = wrapper.application; includeInIndex = 0; path = NewComingProject.app; sourceTree = BUILT_PRODUCTS_DIR; };
		83CEB4441DCAC6F70063D49F /* main.m */ = {isa = PBXFileReference; lastKnownFileType = sourcecode.c.objc; path = main.m; sourceTree = "<group>"; };
		83CEB4461DCAC6F70063D49F /* AppDelegate.h */ = {isa = PBXFileReference; lastKnownFileType = sourcecode.c.h; path = AppDelegate.h; sourceTree = "<group>"; };
		83CEB4471DCAC6F70063D49F /* AppDelegate.m */ = {isa = PBXFileReference; lastKnownFileType = sourcecode.c.objc; path = AppDelegate.m; sourceTree = "<group>"; };
		83CEB4501DCAC6F70063D49F /* Base */ = {isa = PBXFileReference; lastKnownFileType = file.storyboard; name = Base; path = Base.lproj/Main.storyboard; sourceTree = "<group>"; };
		83CEB4521DCAC6F70063D49F /* Assets.xcassets */ = {isa = PBXFileReference; lastKnownFileType = folder.assetcatalog; path = Assets.xcassets; sourceTree = "<group>"; };
		83CEB4551DCAC6F70063D49F /* Base */ = {isa = PBXFileReference; lastKnownFileType = file.storyboard; name = Base; path = Base.lproj/LaunchScreen.storyboard; sourceTree = "<group>"; };
		83CEB4571DCAC6F70063D49F /* Info.plist */ = {isa = PBXFileReference; lastKnownFileType = text.plist.xml; path = Info.plist; sourceTree = "<group>"; };
		83FCB0341DD4425B003A6BE4 /* DetailTableViewCell.h */ = {isa = PBXFileReference; fileEncoding = 4; lastKnownFileType = sourcecode.c.h; path = DetailTableViewCell.h; sourceTree = "<group>"; };
		83FCB0351DD4425B003A6BE4 /* DetailTableViewCell.m */ = {isa = PBXFileReference; fileEncoding = 4; lastKnownFileType = sourcecode.c.objc; path = DetailTableViewCell.m; sourceTree = "<group>"; };
/* End PBXFileReference section */

/* Begin PBXFrameworksBuildPhase section */
		83CEB43D1DCAC6F70063D49F /* Frameworks */ = {
			isa = PBXFrameworksBuildPhase;
			buildActionMask = 2147483647;
			files = (
				D6C388EB6A2F891B6F566D05 /* libPods-NewComingProject.a in Frameworks */,
			);
			runOnlyForDeploymentPostprocessing = 0;
		};
/* End PBXFrameworksBuildPhase section */

/* Begin PBXGroup section */
		83322C611DCADF08006ED7E9 /* First */ = {
			isa = PBXGroup;
			children = (
				83322C641DCADF08006ED7E9 /* FirstViewController.h */,
				83322C651DCADF08006ED7E9 /* FirstViewController.m */,
				83322C621DCADF08006ED7E9 /* FirstDetailViewController.h */,
				83322C631DCADF08006ED7E9 /* FirstDetailViewController.m */,
				83322C6C1DCADF34006ED7E9 /* FirstDetailLeftTableViewCell.h */,
				83322C6D1DCADF34006ED7E9 /* FirstDetailLeftTableViewCell.m */,
				83322C6F1DCADF4E006ED7E9 /* FirstDetailRightTableViewCell.h */,
				83322C701DCADF4E006ED7E9 /* FirstDetailRightTableViewCell.m */,
			);
			path = First;
			sourceTree = "<group>";
		};
		83322C661DCADF08006ED7E9 /* Second */ = {
			isa = PBXGroup;
			children = (
				83322C671DCADF08006ED7E9 /* SecondViewController.h */,
				83322C681DCADF08006ED7E9 /* SecondViewController.m */,
				831FEB481DD41ADB00EBA40C /* SecondTabbarViewController.h */,
				831FEB491DD41ADB00EBA40C /* SecondTabbarViewController.m */,
				831FEB4B1DD41EAC00EBA40C /* OneViewController.h */,
				831FEB4C1DD41EAC00EBA40C /* OneViewController.m */,
				831FEB4E1DD41EB600EBA40C /* TwoViewController.h */,
				831FEB4F1DD41EB600EBA40C /* TwoViewController.m */,
				831FEB511DD4226900EBA40C /* DetailViewController.h */,
				831FEB521DD4226900EBA40C /* DetailViewController.m */,
				83FCB0341DD4425B003A6BE4 /* DetailTableViewCell.h */,
				83FCB0351DD4425B003A6BE4 /* DetailTableViewCell.m */,
			);
			path = Second;
			sourceTree = "<group>";
		};
		83CEB4371DCAC6F70063D49F = {
			isa = PBXGroup;
			children = (
				83CEB4421DCAC6F70063D49F /* NewComingProject */,
				83CEB4411DCAC6F70063D49F /* Products */,
				9BEE9DC6EB07C4E7AC7145CA /* Pods */,
				DFD0E7E230DA8AF7647A5DC9 /* Frameworks */,
			);
			sourceTree = "<group>";
		};
		83CEB4411DCAC6F70063D49F /* Products */ = {
			isa = PBXGroup;
			children = (
				83CEB4401DCAC6F70063D49F /* NewComingProject.app */,
			);
			name = Products;
			sourceTree = "<group>";
		};
		83CEB4421DCAC6F70063D49F /* NewComingProject */ = {
			isa = PBXGroup;
			children = (
				83322C611DCADF08006ED7E9 /* First */,
				83322C661DCADF08006ED7E9 /* Second */,
				83CEB4461DCAC6F70063D49F /* AppDelegate.h */,
				83CEB4471DCAC6F70063D49F /* AppDelegate.m */,
				83CEB44F1DCAC6F70063D49F /* Main.storyboard */,
				83CEB4521DCAC6F70063D49F /* Assets.xcassets */,
				83CEB4541DCAC6F70063D49F /* LaunchScreen.storyboard */,
				83CEB4571DCAC6F70063D49F /* Info.plist */,
				83322C731DCAE0B2006ED7E9 /* UIConfig.h */,
				83CEB4431DCAC6F70063D49F /* Supporting Files */,
			);
			path = NewComingProject;
			sourceTree = "<group>";
		};
		83CEB4431DCAC6F70063D49F /* Supporting Files */ = {
			isa = PBXGroup;
			children = (
				83CEB4441DCAC6F70063D49F /* main.m */,
			);
			name = "Supporting Files";
			sourceTree = "<group>";
		};
		9BEE9DC6EB07C4E7AC7145CA /* Pods */ = {
			isa = PBXGroup;
			children = (
				7AC70FB14AC9ADDA811D9C05 /* Pods-NewComingProject.debug.xcconfig */,
				18CFD65D7BAE21ABC3B97C0A /* Pods-NewComingProject.release.xcconfig */,
			);
			name = Pods;
			sourceTree = "<group>";
		};
		DFD0E7E230DA8AF7647A5DC9 /* Frameworks */ = {
			isa = PBXGroup;
			children = (
				13AB0221886AA93AF9DF0CC5 /* libPods-NewComingProject.a */,
			);
			name = Frameworks;
			sourceTree = "<group>";
		};
/* End PBXGroup section */

/* Begin PBXNativeTarget section */
		83CEB43F1DCAC6F70063D49F /* NewComingProject */ = {
			isa = PBXNativeTarget;
			buildConfigurationList = 83CEB45A1DCAC6F70063D49F /* Build configuration list for PBXNativeTarget "NewComingProject" */;
			buildPhases = (
				2D6075A0169CF0983A548D6F /* [CP] Check Pods Manifest.lock */,
				83CEB43C1DCAC6F70063D49F /* Sources */,
				83CEB43D1DCAC6F70063D49F /* Frameworks */,
				83CEB43E1DCAC6F70063D49F /* Resources */,
				6ED5BDD1B6C4D3FB162C8972 /* [CP] Embed Pods Frameworks */,
				6BA66B1E0A1F16C60E8A1211 /* [CP] Copy Pods Resources */,
			);
			buildRules = (
			);
			dependencies = (
			);
			name = NewComingProject;
			productName = NewComingProject;
			productReference = 83CEB4401DCAC6F70063D49F /* NewComingProject.app */;
			productType = "com.apple.product-type.application";
		};
/* End PBXNativeTarget section */

/* Begin PBXProject section */
		83CEB4381DCAC6F70063D49F /* Project object */ = {
			isa = PBXProject;
			attributes = {
				LastUpgradeCheck = 0810;
				ORGANIZATIONNAME = jxdwinter;
				TargetAttributes = {
					83CEB43F1DCAC6F70063D49F = {
						CreatedOnToolsVersion = 8.1;
						DevelopmentTeam = 5DA93NWP5K;
						ProvisioningStyle = Automatic;
					};
				};
			};
			buildConfigurationList = 83CEB43B1DCAC6F70063D49F /* Build configuration list for PBXProject "NewComingProject" */;
			compatibilityVersion = "Xcode 3.2";
			developmentRegion = English;
			hasScannedForEncodings = 0;
			knownRegions = (
				en,
				Base,
			);
			mainGroup = 83CEB4371DCAC6F70063D49F;
			productRefGroup = 83CEB4411DCAC6F70063D49F /* Products */;
			projectDirPath = "";
			projectRoot = "";
			targets = (
				83CEB43F1DCAC6F70063D49F /* NewComingProject */,
			);
		};
/* End PBXProject section */

/* Begin PBXResourcesBuildPhase section */
		83CEB43E1DCAC6F70063D49F /* Resources */ = {
			isa = PBXResourcesBuildPhase;
			buildActionMask = 2147483647;
			files = (
				83CEB4561DCAC6F70063D49F /* LaunchScreen.storyboard in Resources */,
				83CEB4531DCAC6F70063D49F /* Assets.xcassets in Resources */,
				83CEB4511DCAC6F70063D49F /* Main.storyboard in Resources */,
			);
			runOnlyForDeploymentPostprocessing = 0;
		};
/* End PBXResourcesBuildPhase section */

/* Begin PBXShellScriptBuildPhase section */
		2D6075A0169CF0983A548D6F /* [CP] Check Pods Manifest.lock */ = {
			isa = PBXShellScriptBuildPhase;
			buildActionMask = 2147483647;
			files = (
			);
			inputPaths = (
			);
			name = "[CP] Check Pods Manifest.lock";
			outputPaths = (
			);
			runOnlyForDeploymentPostprocessing = 0;
			shellPath = /bin/sh;
			shellScript = "diff \"${PODS_ROOT}/../Podfile.lock\" \"${PODS_ROOT}/Manifest.lock\" > /dev/null\nif [[ $? != 0 ]] ; then\n    cat << EOM\nerror: The sandbox is not in sync with the Podfile.lock. Run 'pod install' or update your CocoaPods installation.\nEOM\n    exit 1\nfi\n";
			showEnvVarsInLog = 0;
		};
		6BA66B1E0A1F16C60E8A1211 /* [CP] Copy Pods Resources */ = {
			isa = PBXShellScriptBuildPhase;
			buildActionMask = 2147483647;
			files = (
			);
			inputPaths = (
			);
			name = "[CP] Copy Pods Resources";
			outputPaths = (
			);
			runOnlyForDeploymentPostprocessing = 0;
			shellPath = /bin/sh;
			shellScript = "\"${SRCROOT}/Pods/Target Support Files/Pods-NewComingProject/Pods-NewComingProject-resources.sh\"\n";
			showEnvVarsInLog = 0;
		};
		6ED5BDD1B6C4D3FB162C8972 /* [CP] Embed Pods Frameworks */ = {
			isa = PBXShellScriptBuildPhase;
			buildActionMask = 2147483647;
			files = (
			);
			inputPaths = (
			);
			name = "[CP] Embed Pods Frameworks";
			outputPaths = (
			);
			runOnlyForDeploymentPostprocessing = 0;
			shellPath = /bin/sh;
			shellScript = "\"${SRCROOT}/Pods/Target Support Files/Pods-NewComingProject/Pods-NewComingProject-frameworks.sh\"\n";
			showEnvVarsInLog = 0;
		};
/* End PBXShellScriptBuildPhase section */

/* Begin PBXSourcesBuildPhase section */
		83CEB43C1DCAC6F70063D49F /* Sources */ = {
			isa = PBXSourcesBuildPhase;
			buildActionMask = 2147483647;
			files = (
				83322C6E1DCADF34006ED7E9 /* FirstDetailLeftTableViewCell.m in Sources */,
				83322C6B1DCADF08006ED7E9 /* SecondViewController.m in Sources */,
				83CEB4481DCAC6F70063D49F /* AppDelegate.m in Sources */,
				831FEB501DD41EB600EBA40C /* TwoViewController.m in Sources */,
				831FEB4D1DD41EAC00EBA40C /* OneViewController.m in Sources */,
				83322C691DCADF08006ED7E9 /* FirstDetailViewController.m in Sources */,
				83FCB0361DD4425B003A6BE4 /* DetailTableViewCell.m in Sources */,
				83CEB4451DCAC6F70063D49F /* main.m in Sources */,
				831FEB531DD4226900EBA40C /* DetailViewController.m in Sources */,
				83322C711DCADF4E006ED7E9 /* FirstDetailRightTableViewCell.m in Sources */,
				831FEB4A1DD41ADB00EBA40C /* SecondTabbarViewController.m in Sources */,
				83322C6A1DCADF08006ED7E9 /* FirstViewController.m in Sources */,
			);
			runOnlyForDeploymentPostprocessing = 0;
		};
/* End PBXSourcesBuildPhase section */

/* Begin PBXVariantGroup section */
		83CEB44F1DCAC6F70063D49F /* Main.storyboard */ = {
			isa = PBXVariantGroup;
			children = (
				83CEB4501DCAC6F70063D49F /* Base */,
			);
			name = Main.storyboard;
			sourceTree = "<group>";
		};
		83CEB4541DCAC6F70063D49F /* LaunchScreen.storyboard */ = {
			isa = PBXVariantGroup;
			children = (
				83CEB4551DCAC6F70063D49F /* Base */,
			);
			name = LaunchScreen.storyboard;
			sourceTree = "<group>";
		};
/* End PBXVariantGroup section */

/* Begin XCBuildConfiguration section */
		83CEB4581DCAC6F70063D49F /* Debug */ = {
			isa = XCBuildConfiguration;
			buildSettings = {
				ALWAYS_SEARCH_USER_PATHS = NO;
				CLANG_ANALYZER_NONNULL = YES;
				CLANG_CXX_LANGUAGE_STANDARD = "gnu++0x";
				CLANG_CXX_LIBRARY = "libc++";
				CLANG_ENABLE_MODULES = YES;
				CLANG_ENABLE_OBJC_ARC = YES;
				CLANG_WARN_BOOL_CONVERSION = YES;
				CLANG_WARN_CONSTANT_CONVERSION = YES;
				CLANG_WARN_DIRECT_OBJC_ISA_USAGE = YES_ERROR;
				CLANG_WARN_DOCUMENTATION_COMMENTS = YES;
				CLANG_WARN_EMPTY_BODY = YES;
				CLANG_WARN_ENUM_CONVERSION = YES;
				CLANG_WARN_INFINITE_RECURSION = YES;
				CLANG_WARN_INT_CONVERSION = YES;
				CLANG_WARN_OBJC_ROOT_CLASS = YES_ERROR;
				CLANG_WARN_SUSPICIOUS_MOVE = YES;
				CLANG_WARN_SUSPICIOUS_MOVES = YES;
				CLANG_WARN_UNREACHABLE_CODE = YES;
				CLANG_WARN__DUPLICATE_METHOD_MATCH = YES;
				"CODE_SIGN_IDENTITY[sdk=iphoneos*]" = "iPhone Developer";
				COPY_PHASE_STRIP = NO;
				DEBUG_INFORMATION_FORMAT = dwarf;
				ENABLE_STRICT_OBJC_MSGSEND = YES;
				ENABLE_TESTABILITY = YES;
				GCC_C_LANGUAGE_STANDARD = gnu99;
				GCC_DYNAMIC_NO_PIC = NO;
				GCC_NO_COMMON_BLOCKS = YES;
				GCC_OPTIMIZATION_LEVEL = 0;
				GCC_PREPROCESSOR_DEFINITIONS = (
					"DEBUG=1",
					"$(inherited)",
				);
				GCC_WARN_64_TO_32_BIT_CONVERSION = YES;
				GCC_WARN_ABOUT_RETURN_TYPE = YES_ERROR;
				GCC_WARN_UNDECLARED_SELECTOR = YES;
				GCC_WARN_UNINITIALIZED_AUTOS = YES_AGGRESSIVE;
				GCC_WARN_UNUSED_FUNCTION = YES;
				GCC_WARN_UNUSED_VARIABLE = YES;
				IPHONEOS_DEPLOYMENT_TARGET = 10.1;
				MTL_ENABLE_DEBUG_INFO = YES;
				ONLY_ACTIVE_ARCH = YES;
				SDKROOT = iphoneos;
			};
			name = Debug;
		};
		83CEB4591DCAC6F70063D49F /* Release */ = {
			isa = XCBuildConfiguration;
			buildSettings = {
				ALWAYS_SEARCH_USER_PATHS = NO;
				CLANG_ANALYZER_NONNULL = YES;
				CLANG_CXX_LANGUAGE_STANDARD = "gnu++0x";
				CLANG_CXX_LIBRARY = "libc++";
				CLANG_ENABLE_MODULES = YES;
				CLANG_ENABLE_OBJC_ARC = YES;
				CLANG_WARN_BOOL_CONVERSION = YES;
				CLANG_WARN_CONSTANT_CONVERSION = YES;
				CLANG_WARN_DIRECT_OBJC_ISA_USAGE = YES_ERROR;
				CLANG_WARN_DOCUMENTATION_COMMENTS = YES;
				CLANG_WARN_EMPTY_BODY = YES;
				CLANG_WARN_ENUM_CONVERSION = YES;
				CLANG_WARN_INFINITE_RECURSION = YES;
				CLANG_WARN_INT_CONVERSION = YES;
				CLANG_WARN_OBJC_ROOT_CLASS = YES_ERROR;
				CLANG_WARN_SUSPICIOUS_MOVE = YES;
				CLANG_WARN_SUSPICIOUS_MOVES = YES;
				CLANG_WARN_UNREACHABLE_CODE = YES;
				CLANG_WARN__DUPLICATE_METHOD_MATCH = YES;
				"CODE_SIGN_IDENTITY[sdk=iphoneos*]" = "iPhone Developer";
				COPY_PHASE_STRIP = NO;
				DEBUG_INFORMATION_FORMAT = "dwarf-with-dsym";
				ENABLE_NS_ASSERTIONS = NO;
				ENABLE_STRICT_OBJC_MSGSEND = YES;
				GCC_C_LANGUAGE_STANDARD = gnu99;
				GCC_NO_COMMON_BLOCKS = YES;
				GCC_WARN_64_TO_32_BIT_CONVERSION = YES;
				GCC_WARN_ABOUT_RETURN_TYPE = YES_ERROR;
				GCC_WARN_UNDECLARED_SELECTOR = YES;
				GCC_WARN_UNINITIALIZED_AUTOS = YES_AGGRESSIVE;
				GCC_WARN_UNUSED_FUNCTION = YES;
				GCC_WARN_UNUSED_VARIABLE = YES;
				IPHONEOS_DEPLOYMENT_TARGET = 10.1;
				MTL_ENABLE_DEBUG_INFO = NO;
				SDKROOT = iphoneos;
				VALIDATE_PRODUCT = YES;
			};
			name = Release;
		};
		83CEB45B1DCAC6F70063D49F /* Debug */ = {
			isa = XCBuildConfiguration;
			baseConfigurationReference = 7AC70FB14AC9ADDA811D9C05 /* Pods-NewComingProject.debug.xcconfig */;
			buildSettings = {
				ASSETCATALOG_COMPILER_APPICON_NAME = AppIcon;
				DEVELOPMENT_TEAM = 5DA93NWP5K;
				INFOPLIST_FILE = NewComingProject/Info.plist;
				IPHONEOS_DEPLOYMENT_TARGET = 10.0;
				LD_RUNPATH_SEARCH_PATHS = "$(inherited) @executable_path/Frameworks";
				PRODUCT_BUNDLE_IDENTIFIER = cn.com.newcoming.NewComingProject;
				PRODUCT_NAME = "$(TARGET_NAME)";
			};
			name = Debug;
		};
		83CEB45C1DCAC6F70063D49F /* Release */ = {
			isa = XCBuildConfiguration;
			baseConfigurationReference = 18CFD65D7BAE21ABC3B97C0A /* Pods-NewComingProject.release.xcconfig */;
			buildSettings = {
				ASSETCATALOG_COMPILER_APPICON_NAME = AppIcon;
				DEVELOPMENT_TEAM = 5DA93NWP5K;
				INFOPLIST_FILE = NewComingProject/Info.plist;
				IPHONEOS_DEPLOYMENT_TARGET = 10.0;
				LD_RUNPATH_SEARCH_PATHS = "$(inherited) @executable_path/Frameworks";
				PRODUCT_BUNDLE_IDENTIFIER = cn.com.newcoming.NewComingProject;
				PRODUCT_NAME = "$(TARGET_NAME)";
			};
			name = Release;
		};
/* End XCBuildConfiguration section */

/* Begin XCConfigurationList section */
		83CEB43B1DCAC6F70063D49F /* Build configuration list for PBXProject "NewComingProject" */ = {
			isa = XCConfigurationList;
			buildConfigurations = (
				83CEB4581DCAC6F70063D49F /* Debug */,
				83CEB4591DCAC6F70063D49F /* Release */,
			);
			defaultConfigurationIsVisible = 0;
			defaultConfigurationName = Release;
		};
		83CEB45A1DCAC6F70063D49F /* Build configuration list for PBXNativeTarget "NewComingProject" */ = {
			isa = XCConfigurationList;
			buildConfigurations = (
				83CEB45B1DCAC6F70063D49F /* Debug */,
				83CEB45C1DCAC6F70063D49F /* Release */,
			);
			defaultConfigurationIsVisible = 0;
			defaultConfigurationName = Release;
		};
/* End XCConfigurationList section */
	};
	rootObject = 83CEB4381DCAC6F70063D49F /* Project object */;
}
